
Microsoft Visual Studio Solution File, Format Version 12.00
# Visual Studio 2015
Project("{FAE04EC0-301F-11D3-BF4B-00C04F79EFBC}") = "CubeDestroyer.CSharp.Plugins", "CubeDestroyer.CSharp.Plugins.csproj", "{F049F125-DD84-C650-F2B2-FB118D76CEE6}"
EndProject
Project("{FAE04EC0-301F-11D3-BF4B-00C04F79EFBC}") = "CubeDestroyer.CSharp", "CubeDestroyer.CSharp.csproj", "{2767C0DA-C2A6-A41B-E3DD-18544866AEDA}"
EndProject
Project("{FAE04EC0-301F-11D3-BF4B-00C04F79EFBC}") = "CubeDestroyer.CSharp.Editor", "CubeDestroyer.CSharp.Editor.csproj", "{B30EE0C2-8534-8DAD-5BC1-E4E6B14A33E7}"
EndProject
Global
	GlobalSection(SolutionConfigurationPlatforms) = preSolution
		Debug|Any CPU = Debug|Any CPU
		Release|Any CPU = Release|Any CPU
	EndGlobalSection
	GlobalSection(ProjectConfigurationPlatforms) = postSolution
		{F049F125-DD84-C650-F2B2-FB118D76CEE6}.Debug|Any CPU.ActiveCfg = Debug|Any CPU
		{F049F125-DD84-C650-F2B2-FB118D76CEE6}.Debug|Any CPU.Build.0 = Debug|Any CPU
		{F049F125-DD84-C650-F2B2-FB118D76CEE6}.Release|Any CPU.ActiveCfg = Release|Any CPU
		{F049F125-DD84-C650-F2B2-FB118D76CEE6}.Release|Any CPU.Build.0 = Release|Any CPU
		{2767C0DA-C2A6-A41B-E3DD-18544866AEDA}.Debug|Any CPU.ActiveCfg = Debug|Any CPU
		{2767C0DA-C2A6-A41B-E3DD-18544866AEDA}.Debug|Any CPU.Build.0 = Debug|Any CPU
		{2767C0DA-C2A6-A41B-E3DD-18544866AEDA}.Release|Any CPU.ActiveCfg = Release|Any CPU
		{2767C0DA-C2A6-A41B-E3DD-18544866AEDA}.Release|Any CPU.Build.0 = Release|Any CPU
		{B30EE0C2-8534-8DAD-5BC1-E4E6B14A33E7}.Debug|Any CPU.ActiveCfg = Debug|Any CPU
		{B30EE0C2-8534-8DAD-5BC1-E4E6B14A33E7}.Debug|Any CPU.Build.0 = Debug|Any CPU
		{B30EE0C2-8534-8DAD-5BC1-E4E6B14A33E7}.Release|Any CPU.ActiveCfg = Release|Any CPU
		{B30EE0C2-8534-8DAD-5BC1-E4E6B14A33E7}.Release|Any CPU.Build.0 = Release|Any CPU
	EndGlobalSection
	GlobalSection(SolutionProperties) = preSolution
		HideSolutionNode = FALSE
	EndGlobalSection
EndGlobal
